
Microsoft Visual Studio Solution File, Format Version 12.00
# Visual Studio Version 16
VisualStudioVersion = 16.0.30907.101
MinimumVisualStudioVersion = 10.0.40219.1
Project("{9A19103F-16F7-4668-BE54-9A1E7A4F7556}") = "Calculator.Domain", "Calculator.Domain\Calculator.Domain.csproj", "{95132AEC-FEEA-42CE-8144-5D275CE1CF2B}"
EndProject
Project("{9A19103F-16F7-4668-BE54-9A1E7A4F7556}") = "Calculator.Data", "Calculator.Data\Calculator.Data.csproj", "{DFA900DA-8247-4A6C-A927-346A2C5AF455}"
EndProject
Project("{9A19103F-16F7-4668-BE54-9A1E7A4F7556}") = "Calculator.UI", "Calculator.UI\Calculator.UI.csproj", "{BBBDCAB3-BDAE-4739-8E2D-4854E1E6D962}"
EndProject
Project("{9A19103F-16F7-4668-BE54-9A1E7A4F7556}") = "Calculator.CandidatesAPI.Service", "Calculator.CandidatesAPI.Service\Calculator.CandidatesAPI.Service.csproj", "{03F9760E-D74E-4764-A043-6E7E293BBDFB}"
EndProject
Project("{9A19103F-16F7-4668-BE54-9A1E7A4F7556}") = "Calculator.UsersAPI.Service", "Calculator.UsersAPI.Service\Calculator.UsersAPI.Service.csproj", "{1FF470ED-416A-44E6-B412-D1F74FBA7077}"
EndProject
Global
	GlobalSection(SolutionConfigurationPlatforms) = preSolution
		Debug|Any CPU = Debug|Any CPU
		Release|Any CPU = Release|Any CPU
	EndGlobalSection
	GlobalSection(ProjectConfigurationPlatforms) = postSolution
		{95132AEC-FEEA-42CE-8144-5D275CE1CF2B}.Debug|Any CPU.ActiveCfg = Debug|Any CPU
		{95132AEC-FEEA-42CE-8144-5D275CE1CF2B}.Debug|Any CPU.Build.0 = Debug|Any CPU
		{95132AEC-FEEA-42CE-8144-5D275CE1CF2B}.Release|Any CPU.ActiveCfg = Release|Any CPU
		{95132AEC-FEEA-42CE-8144-5D275CE1CF2B}.Release|Any CPU.Build.0 = Release|Any CPU
		{DFA900DA-8247-4A6C-A927-346A2C5AF455}.Debug|Any CPU.ActiveCfg = Debug|Any CPU
		{DFA900DA-8247-4A6C-A927-346A2C5AF455}.Debug|Any CPU.Build.0 = Debug|Any CPU
		{DFA900DA-8247-4A6C-A927-346A2C5AF455}.Release|Any CPU.ActiveCfg = Release|Any CPU
		{DFA900DA-8247-4A6C-A927-346A2C5AF455}.Release|Any CPU.Build.0 = Release|Any CPU
		{BBBDCAB3-BDAE-4739-8E2D-4854E1E6D962}.Debug|Any CPU.ActiveCfg = Debug|Any CPU
		{BBBDCAB3-BDAE-4739-8E2D-4854E1E6D962}.Debug|Any CPU.Build.0 = Debug|Any CPU
		{BBBDCAB3-BDAE-4739-8E2D-4854E1E6D962}.Release|Any CPU.ActiveCfg = Release|Any CPU
		{BBBDCAB3-BDAE-4739-8E2D-4854E1E6D962}.Release|Any CPU.Build.0 = Release|Any CPU
		{03F9760E-D74E-4764-A043-6E7E293BBDFB}.Debug|Any CPU.ActiveCfg = Debug|Any CPU
		{03F9760E-D74E-4764-A043-6E7E293BBDFB}.Debug|Any CPU.Build.0 = Debug|Any CPU
		{03F9760E-D74E-4764-A043-6E7E293BBDFB}.Release|Any CPU.ActiveCfg = Release|Any CPU
		{03F9760E-D74E-4764-A043-6E7E293BBDFB}.Release|Any CPU.Build.0 = Release|Any CPU
		{1FF470ED-416A-44E6-B412-D1F74FBA7077}.Debug|Any CPU.ActiveCfg = Debug|Any CPU
		{1FF470ED-416A-44E6-B412-D1F74FBA7077}.Debug|Any CPU.Build.0 = Debug|Any CPU
		{1FF470ED-416A-44E6-B412-D1F74FBA7077}.Release|Any CPU.ActiveCfg = Release|Any CPU
		{1FF470ED-416A-44E6-B412-D1F74FBA7077}.Release|Any CPU.Build.0 = Release|Any CPU
	EndGlobalSection
	GlobalSection(SolutionProperties) = preSolution
		HideSolutionNode = FALSE
	EndGlobalSection
	GlobalSection(ExtensibilityGlobals) = postSolution
		SolutionGuid = {C5147277-3101-47D6-A0D3-7F6F38E58743}
	EndGlobalSection
EndGlobal
